
Microsoft Visual Studio Solution File, Format Version 12.00
# Visual Studio Version 16
VisualStudioVersion = 16.0.29411.108
MinimumVisualStudioVersion = 10.0.40219.1
Project("{9A19103F-16F7-4668-BE54-9A1E7A4F7556}") = "DevOps.Products.Website", "DevOps.Products.Website\DevOps.Products.Website.csproj", "{204F99C5-653F-4071-8817-CC6B3F40FBE0}"
EndProject
Project("{9A19103F-16F7-4668-BE54-9A1E7A4F7556}") = "DevOps.Products.Products.REST.API", "DevOps.Products.Products.REST.API\DevOps.Products.Products.REST.API.csproj", "{441E2C1C-E6D6-48BB-87A7-028C7ACF8041}"
EndProject
Project("{9A19103F-16F7-4668-BE54-9A1E7A4F7556}") = "DevOps.Products.Products.DAL", "DevOps.Products.Products.DAL\DevOps.Products.Products.DAL.csproj", "{B0E69150-40C9-4D0D-BE65-1E5F203B9DDD}"
EndProject
Project("{9A19103F-16F7-4668-BE54-9A1E7A4F7556}") = "DevOps.Products.Common.Repository", "DevOps.Products.Common.Repository\DevOps.Products.Common.Repository.csproj", "{7D7A563B-04F9-464A-95AC-019CE5993B39}"
EndProject
Project("{9A19103F-16F7-4668-BE54-9A1E7A4F7556}") = "DevOps.Products.Reviews.REST.API", "DevOps.Products.Reviews.REST.API\DevOps.Products.Reviews.REST.API.csproj", "{D456010C-5A73-4AA7-A784-F992EBBF568A}"
EndProject
Project("{9A19103F-16F7-4668-BE54-9A1E7A4F7556}") = "DevOps.Products.Reviews.DAL", "DevOps.Products.Reviews.DAL\DevOps.Products.Reviews.DAL.csproj", "{D2C18980-850F-4DE6-8728-234848971839}"
EndProject
Project("{9A19103F-16F7-4668-BE54-9A1E7A4F7556}") = "DevOps.Products.Website.Tests", "DevOps.Products.Website.Tests\DevOps.Products.Website.Tests.csproj", "{48A920D8-CF08-44C1-B338-667B7120321B}"
EndProject
Project("{9A19103F-16F7-4668-BE54-9A1E7A4F7556}") = "DevOps.Products.Common.Repository.Tests", "DevOps.Products.Common.Repository.Tests\DevOps.Products.Common.Repository.Tests.csproj", "{EFF5301D-0CBF-4F66-87D3-43BDC94820E1}"
EndProject
Project("{E53339B2-1760-4266-BCC7-CA923CBCF16C}") = "docker-compose", "docker-compose.dcproj", "{742C1FC3-A6F6-4F92-884F-8BCD5EAA6B06}"
EndProject
Project("{2150E333-8FDC-42A3-9474-1A3956D46DE8}") = "Solution Items", "Solution Items", "{FAABC9C4-0BF3-4C77-9BF2-C7DEA33A50A6}"
	ProjectSection(SolutionItems) = preProject
		Nginx\Dockerfile = Nginx\Dockerfile
	EndProjectSection
EndProject
Project("{2150E333-8FDC-42A3-9474-1A3956D46DE8}") = "Nginx", "Nginx", "{EC1496D3-F1FD-4962-B3BA-1F32DD7CE55A}"
	ProjectSection(SolutionItems) = preProject
		Nginx\Dockerfile = Nginx\Dockerfile
		Nginx\nginx.conf = Nginx\nginx.conf
	EndProjectSection
EndProject
Global
	GlobalSection(SolutionConfigurationPlatforms) = preSolution
		Debug|Any CPU = Debug|Any CPU
		Release|Any CPU = Release|Any CPU
	EndGlobalSection
	GlobalSection(ProjectConfigurationPlatforms) = postSolution
		{204F99C5-653F-4071-8817-CC6B3F40FBE0}.Debug|Any CPU.ActiveCfg = Debug|Any CPU
		{204F99C5-653F-4071-8817-CC6B3F40FBE0}.Debug|Any CPU.Build.0 = Debug|Any CPU
		{204F99C5-653F-4071-8817-CC6B3F40FBE0}.Release|Any CPU.ActiveCfg = Release|Any CPU
		{204F99C5-653F-4071-8817-CC6B3F40FBE0}.Release|Any CPU.Build.0 = Release|Any CPU
		{441E2C1C-E6D6-48BB-87A7-028C7ACF8041}.Debug|Any CPU.ActiveCfg = Debug|Any CPU
		{441E2C1C-E6D6-48BB-87A7-028C7ACF8041}.Debug|Any CPU.Build.0 = Debug|Any CPU
		{441E2C1C-E6D6-48BB-87A7-028C7ACF8041}.Release|Any CPU.ActiveCfg = Release|Any CPU
		{441E2C1C-E6D6-48BB-87A7-028C7ACF8041}.Release|Any CPU.Build.0 = Release|Any CPU
		{B0E69150-40C9-4D0D-BE65-1E5F203B9DDD}.Debug|Any CPU.ActiveCfg = Debug|Any CPU
		{B0E69150-40C9-4D0D-BE65-1E5F203B9DDD}.Debug|Any CPU.Build.0 = Debug|Any CPU
		{B0E69150-40C9-4D0D-BE65-1E5F203B9DDD}.Release|Any CPU.ActiveCfg = Release|Any CPU
		{B0E69150-40C9-4D0D-BE65-1E5F203B9DDD}.Release|Any CPU.Build.0 = Release|Any CPU
		{7D7A563B-04F9-464A-95AC-019CE5993B39}.Debug|Any CPU.ActiveCfg = Debug|Any CPU
		{7D7A563B-04F9-464A-95AC-019CE5993B39}.Debug|Any CPU.Build.0 = Debug|Any CPU
		{7D7A563B-04F9-464A-95AC-019CE5993B39}.Release|Any CPU.ActiveCfg = Release|Any CPU
		{7D7A563B-04F9-464A-95AC-019CE5993B39}.Release|Any CPU.Build.0 = Release|Any CPU
		{D456010C-5A73-4AA7-A784-F992EBBF568A}.Debug|Any CPU.ActiveCfg = Debug|Any CPU
		{D456010C-5A73-4AA7-A784-F992EBBF568A}.Debug|Any CPU.Build.0 = Debug|Any CPU
		{D456010C-5A73-4AA7-A784-F992EBBF568A}.Release|Any CPU.ActiveCfg = Release|Any CPU
		{D456010C-5A73-4AA7-A784-F992EBBF568A}.Release|Any CPU.Build.0 = Release|Any CPU
		{D2C18980-850F-4DE6-8728-234848971839}.Debug|Any CPU.ActiveCfg = Debug|Any CPU
		{D2C18980-850F-4DE6-8728-234848971839}.Debug|Any CPU.Build.0 = Debug|Any CPU
		{D2C18980-850F-4DE6-8728-234848971839}.Release|Any CPU.ActiveCfg = Release|Any CPU
		{D2C18980-850F-4DE6-8728-234848971839}.Release|Any CPU.Build.0 = Release|Any CPU
		{48A920D8-CF08-44C1-B338-667B7120321B}.Debug|Any CPU.ActiveCfg = Debug|Any CPU
		{48A920D8-CF08-44C1-B338-667B7120321B}.Debug|Any CPU.Build.0 = Debug|Any CPU
		{48A920D8-CF08-44C1-B338-667B7120321B}.Release|Any CPU.ActiveCfg = Release|Any CPU
		{48A920D8-CF08-44C1-B338-667B7120321B}.Release|Any CPU.Build.0 = Release|Any CPU
		{EFF5301D-0CBF-4F66-87D3-43BDC94820E1}.Debug|Any CPU.ActiveCfg = Debug|Any CPU
		{EFF5301D-0CBF-4F66-87D3-43BDC94820E1}.Debug|Any CPU.Build.0 = Debug|Any CPU
		{EFF5301D-0CBF-4F66-87D3-43BDC94820E1}.Release|Any CPU.ActiveCfg = Release|Any CPU
		{EFF5301D-0CBF-4F66-87D3-43BDC94820E1}.Release|Any CPU.Build.0 = Release|Any CPU
		{742C1FC3-A6F6-4F92-884F-8BCD5EAA6B06}.Debug|Any CPU.ActiveCfg = Debug|Any CPU
		{742C1FC3-A6F6-4F92-884F-8BCD5EAA6B06}.Debug|Any CPU.Build.0 = Debug|Any CPU
		{742C1FC3-A6F6-4F92-884F-8BCD5EAA6B06}.Release|Any CPU.ActiveCfg = Release|Any CPU
		{742C1FC3-A6F6-4F92-884F-8BCD5EAA6B06}.Release|Any CPU.Build.0 = Release|Any CPU
	EndGlobalSection
	GlobalSection(SolutionProperties) = preSolution
		HideSolutionNode = FALSE
	EndGlobalSection
	GlobalSection(ExtensibilityGlobals) = postSolution
		SolutionGuid = {FBCC8E7E-EA73-4462-849C-6CDA3DCF76E1}
	EndGlobalSection
EndGlobal
